{"is_source_file": false, "format": "", "description": "", "external_files": [], "external_methods": [], "published": [], "classes": [], "methods": [], "calls": [], "search-terms": [], "state": 2, "file_id": 22, "knowledge_revision": 39, "git_revision": "24b6c2b0f3f037a8180105fa810b0020d0e9e104", "hash": "9c4ed7ef73e22b872b8055bec08b8979", "format-version": 4, "code-base-name": "default", "filename": "tic_tac_toe_game/post_process_status.lock", "revision_history": [{"39": "24b6c2b0f3f037a8180105fa810b0020d0e9e104"}]}